
Microsoft Visual Studio Solution File, Format Version 12.00
# Visual Studio Version 17
VisualStudioVersion = 17.9.34616.47
MinimumVisualStudioVersion = 10.0.40219.1
Project("{9A19103F-16F7-4668-BE54-9A1E7A4F7556}") = "MambuConnector", "MambuConnector\MambuConnector.csproj", "{28FC5AA6-4DCF-4266-B0DD-EAC82BE2F228}"
EndProject
Project("{FAE04EC0-301F-11D3-BF4B-00C04F79EFBC}") = "MambuConnector.Sample", "MambuConnector.Sample\MambuConnector.Sample.csproj", "{52F9F4E8-39A7-4CD9-B68B-F938D5BD73B4}"
EndProject
Global
	GlobalSection(SolutionConfigurationPlatforms) = preSolution
		Debug|Any CPU = Debug|Any CPU
		Release|Any CPU = Release|Any CPU
	EndGlobalSection
	GlobalSection(ProjectConfigurationPlatforms) = postSolution
		{28FC5AA6-4DCF-4266-B0DD-EAC82BE2F228}.Debug|Any CPU.ActiveCfg = Debug|Any CPU
		{28FC5AA6-4DCF-4266-B0DD-EAC82BE2F228}.Debug|Any CPU.Build.0 = Debug|Any CPU
		{28FC5AA6-4DCF-4266-B0DD-EAC82BE2F228}.Release|Any CPU.ActiveCfg = Release|Any CPU
		{28FC5AA6-4DCF-4266-B0DD-EAC82BE2F228}.Release|Any CPU.Build.0 = Release|Any CPU
		{52F9F4E8-39A7-4CD9-B68B-F938D5BD73B4}.Debug|Any CPU.ActiveCfg = Debug|Any CPU
		{52F9F4E8-39A7-4CD9-B68B-F938D5BD73B4}.Debug|Any CPU.Build.0 = Debug|Any CPU
		{52F9F4E8-39A7-4CD9-B68B-F938D5BD73B4}.Release|Any CPU.ActiveCfg = Release|Any CPU
		{52F9F4E8-39A7-4CD9-B68B-F938D5BD73B4}.Release|Any CPU.Build.0 = Release|Any CPU
	EndGlobalSection
	GlobalSection(SolutionProperties) = preSolution
		HideSolutionNode = FALSE
	EndGlobalSection
	GlobalSection(ExtensibilityGlobals) = postSolution
		SolutionGuid = {2582B795-DBC9-45A6-9EA9-071D5C5A1C75}
	EndGlobalSection
EndGlobal
